
Microsoft Visual Studio Solution File, Format Version 12.00
# Visual Studio Version 16
VisualStudioVersion = 16.0.31205.134
MinimumVisualStudioVersion = 10.0.40219.1
Project("{9A19103F-16F7-4668-BE54-9A1E7A4F7556}") = "InfraEstrutura", "InfraEstrutura\InfraEstrutura.csproj", "{9D052E5C-2055-4097-849D-27100C102F9A}"
EndProject
Project("{9A19103F-16F7-4668-BE54-9A1E7A4F7556}") = "FunctionAzure", "FunctionAzure\FunctionAzure.csproj", "{4446622C-FA86-467A-B822-521DB26EEA33}"
EndProject
Project("{FAE04EC0-301F-11D3-BF4B-00C04F79EFBC}") = "TodoMvc", "TodoMvc\TodoMvc.csproj", "{0107E7E9-C5C7-4BFE-9449-FA868B217FF3}"
EndProject
Global
	GlobalSection(SolutionConfigurationPlatforms) = preSolution
		Debug|Any CPU = Debug|Any CPU
		Release|Any CPU = Release|Any CPU
	EndGlobalSection
	GlobalSection(ProjectConfigurationPlatforms) = postSolution
		{9D052E5C-2055-4097-849D-27100C102F9A}.Debug|Any CPU.ActiveCfg = Debug|Any CPU
		{9D052E5C-2055-4097-849D-27100C102F9A}.Debug|Any CPU.Build.0 = Debug|Any CPU
		{9D052E5C-2055-4097-849D-27100C102F9A}.Release|Any CPU.ActiveCfg = Release|Any CPU
		{9D052E5C-2055-4097-849D-27100C102F9A}.Release|Any CPU.Build.0 = Release|Any CPU
		{4446622C-FA86-467A-B822-521DB26EEA33}.Debug|Any CPU.ActiveCfg = Debug|Any CPU
		{4446622C-FA86-467A-B822-521DB26EEA33}.Debug|Any CPU.Build.0 = Debug|Any CPU
		{4446622C-FA86-467A-B822-521DB26EEA33}.Release|Any CPU.ActiveCfg = Release|Any CPU
		{4446622C-FA86-467A-B822-521DB26EEA33}.Release|Any CPU.Build.0 = Release|Any CPU
		{0107E7E9-C5C7-4BFE-9449-FA868B217FF3}.Debug|Any CPU.ActiveCfg = Debug|Any CPU
		{0107E7E9-C5C7-4BFE-9449-FA868B217FF3}.Debug|Any CPU.Build.0 = Debug|Any CPU
		{0107E7E9-C5C7-4BFE-9449-FA868B217FF3}.Release|Any CPU.ActiveCfg = Release|Any CPU
		{0107E7E9-C5C7-4BFE-9449-FA868B217FF3}.Release|Any CPU.Build.0 = Release|Any CPU
	EndGlobalSection
	GlobalSection(SolutionProperties) = preSolution
		HideSolutionNode = FALSE
	EndGlobalSection
	GlobalSection(ExtensibilityGlobals) = postSolution
		SolutionGuid = {75B087AB-0BD5-4F2E-829B-B9891F34E75B}
	EndGlobalSection
EndGlobal
